// !$*UTF8*$!
{
	archiveVersion = 1;
	classes = {
	};
	objectVersion = 46;
	objects = {

/* Begin PBXBuildFile section */
		0B3AC1BF18AEF54F00346870 /* Foundation.framework in Frameworks */ = {isa = PBXBuildFile; fileRef = 0B3AC1BE18AEF54F00346870 /* Foundation.framework */; };
		0B3AC1C118AEF54F00346870 /* CoreGraphics.framework in Frameworks */ = {isa = PBXBuildFile; fileRef = 0B3AC1C018AEF54F00346870 /* CoreGraphics.framework */; };
		0B3AC1C318AEF54F00346870 /* UIKit.framework in Frameworks */ = {isa = PBXBuildFile; fileRef = 0B3AC1C218AEF54F00346870 /* UIKit.framework */; };
		0B3AC1C918AEF54F00346870 /* InfoPlist.strings in Resources */ = {isa = PBXBuildFile; fileRef = 0B3AC1C718AEF54F00346870 /* InfoPlist.strings */; };
		0B3AC1CB18AEF54F00346870 /* main.m in Sources */ = {isa = PBXBuildFile; fileRef = 0B3AC1CA18AEF54F00346870 /* main.m */; };
		0B3AC1CF18AEF54F00346870 /* AppDelegate.m in Sources */ = {isa = PBXBuildFile; fileRef = 0B3AC1CE18AEF54F00346870 /* AppDelegate.m */; };
		0B3AC1D218AEF54F00346870 /* Main.storyboard in Resources */ = {isa = PBXBuildFile; fileRef = 0B3AC1D018AEF54F00346870 /* Main.storyboard */; };
		0B3AC1DA18AEF54F00346870 /* Images.xcassets in Resources */ = {isa = PBXBuildFile; fileRef = 0B3AC1D918AEF54F00346870 /* Images.xcassets */; };
		0B3AC1E118AEF54F00346870 /* XCTest.framework in Frameworks */ = {isa = PBXBuildFile; fileRef = 0B3AC1E018AEF54F00346870 /* XCTest.framework */; };
		0B3AC1E218AEF54F00346870 /* Foundation.framework in Frameworks */ = {isa = PBXBuildFile; fileRef = 0B3AC1BE18AEF54F00346870 /* Foundation.framework */; };
		0B3AC1E318AEF54F00346870 /* UIKit.framework in Frameworks */ = {isa = PBXBuildFile; fileRef = 0B3AC1C218AEF54F00346870 /* UIKit.framework */; };
		0B3AC1EB18AEF54F00346870 /* InfoPlist.strings in Resources */ = {isa = PBXBuildFile; fileRef = 0B3AC1E918AEF54F00346870 /* InfoPlist.strings */; };
		0B3AC1ED18AEF54F00346870 /* edugamesTests.m in Sources */ = {isa = PBXBuildFile; fileRef = 0B3AC1EC18AEF54F00346870 /* edugamesTests.m */; };
		0BF1055E18AF10C5008CADA4 /* LoginViewController.m in Sources */ = {isa = PBXBuildFile; fileRef = 0BF1055D18AF10C5008CADA4 /* LoginViewController.m */; };
		0BF1056118AF10D1008CADA4 /* login-bg.png in Resources */ = {isa = PBXBuildFile; fileRef = 0BF1056018AF10D1008CADA4 /* login-bg.png */; };
		0BF1056418AF1854008CADA4 /* CKSideBarController.m in Sources */ = {isa = PBXBuildFile; fileRef = 0BF1056318AF1854008CADA4 /* CKSideBarController.m */; };
		0BF1057718AF1883008CADA4 /* CKSideBarItem.m in Sources */ = {isa = PBXBuildFile; fileRef = 0BF1056F18AF1883008CADA4 /* CKSideBarItem.m */; };
		0BF1057A18AF1BC5008CADA4 /* CKTestViewController.m in Sources */ = {isa = PBXBuildFile; fileRef = 0BF1057818AF1BC5008CADA4 /* CKTestViewController.m */; };
		0BF1058618AF1F8A008CADA4 /* folder-highlighted.png in Resources */ = {isa = PBXBuildFile; fileRef = 0BF1057C18AF1F8A008CADA4 /* folder-highlighted.png */; };
		0BF1058718AF1F8A008CADA4 /* folder.png in Resources */ = {isa = PBXBuildFile; fileRef = 0BF1057D18AF1F8A008CADA4 /* folder.png */; };
		0BF1058818AF1F8A008CADA4 /* game-highlighted.png in Resources */ = {isa = PBXBuildFile; fileRef = 0BF1057E18AF1F8A008CADA4 /* game-highlighted.png */; };
		0BF1058918AF1F8A008CADA4 /* game.png in Resources */ = {isa = PBXBuildFile; fileRef = 0BF1057F18AF1F8A008CADA4 /* game.png */; };
		0BF1058A18AF1F8A008CADA4 /* profile-highlighted.png in Resources */ = {isa = PBXBuildFile; fileRef = 0BF1058018AF1F8A008CADA4 /* profile-highlighted.png */; };
		0BF1058B18AF1F8A008CADA4 /* profile.png in Resources */ = {isa = PBXBuildFile; fileRef = 0BF1058118AF1F8A008CADA4 /* profile.png */; };
		0BF1058C18AF1F8A008CADA4 /* search-highlighted.png in Resources */ = {isa = PBXBuildFile; fileRef = 0BF1058218AF1F8A008CADA4 /* search-highlighted.png */; };
		0BF1058E18AF1F8A008CADA4 /* settings-highlighted.png in Resources */ = {isa = PBXBuildFile; fileRef = 0BF1058418AF1F8A008CADA4 /* settings-highlighted.png */; };
		0BF1058F18AF1F8A008CADA4 /* settings.png in Resources */ = {isa = PBXBuildFile; fileRef = 0BF1058518AF1F8A008CADA4 /* settings.png */; };
		0BF1059318AF1F92008CADA4 /* login-bg.png in Resources */ = {isa = PBXBuildFile; fileRef = 0BF1059018AF1F92008CADA4 /* login-bg.png */; };
		0BF1059418AF1F92008CADA4 /* login-button.png in Resources */ = {isa = PBXBuildFile; fileRef = 0BF1059118AF1F92008CADA4 /* login-button.png */; };
		0BF1059518AF1F92008CADA4 /* register-button.png in Resources */ = {isa = PBXBuildFile; fileRef = 0BF1059218AF1F92008CADA4 /* register-button.png */; };
/* End PBXBuildFile section */

/* Begin PBXContainerItemProxy section */
		0B3AC1E418AEF54F00346870 /* PBXContainerItemProxy */ = {
			isa = PBXContainerItemProxy;
			containerPortal = 0B3AC1B318AEF54F00346870 /* Project object */;
			proxyType = 1;
			remoteGlobalIDString = 0B3AC1BA18AEF54F00346870;
			remoteInfo = edugames;
		};
/* End PBXContainerItemProxy section */

/* Begin PBXFileReference section */
		0B3AC1BB18AEF54F00346870 /* edugames.app */ = {isa = PBXFileReference; explicitFileType = wrapper.application; includeInIndex = 0; path = edugames.app; sourceTree = BUILT_PRODUCTS_DIR; };
		0B3AC1BE18AEF54F00346870 /* Foundation.framework */ = {isa = PBXFileReference; lastKnownFileType = wrapper.framework; name = Foundation.framework; path = System/Library/Frameworks/Foundation.framework; sourceTree = SDKROOT; };
		0B3AC1C018AEF54F00346870 /* CoreGraphics.framework */ = {isa = PBXFileReference; lastKnownFileType = wrapper.framework; name = CoreGraphics.framework; path = System/Library/Frameworks/CoreGraphics.framework; sourceTree = SDKROOT; };
		0B3AC1C218AEF54F00346870 /* UIKit.framework */ = {isa = PBXFileReference; lastKnownFileType = wrapper.framework; name = UIKit.framework; path = System/Library/Frameworks/UIKit.framework; sourceTree = SDKROOT; };
		0B3AC1C618AEF54F00346870 /* edugames-Info.plist */ = {isa = PBXFileReference; lastKnownFileType = text.plist.xml; path = "edugames-Info.plist"; sourceTree = "<group>"; };
		0B3AC1C818AEF54F00346870 /* en */ = {isa = PBXFileReference; lastKnownFileType = text.plist.strings; name = en; path = en.lproj/InfoPlist.strings; sourceTree = "<group>"; };
		0B3AC1CA18AEF54F00346870 /* main.m */ = {isa = PBXFileReference; lastKnownFileType = sourcecode.c.objc; path = main.m; sourceTree = "<group>"; };
		0B3AC1CC18AEF54F00346870 /* edugames-Prefix.pch */ = {isa = PBXFileReference; lastKnownFileType = sourcecode.c.h; path = "edugames-Prefix.pch"; sourceTree = "<group>"; };
		0B3AC1CD18AEF54F00346870 /* AppDelegate.h */ = {isa = PBXFileReference; lastKnownFileType = sourcecode.c.h; path = AppDelegate.h; sourceTree = "<group>"; };
		0B3AC1CE18AEF54F00346870 /* AppDelegate.m */ = {isa = PBXFileReference; lastKnownFileType = sourcecode.c.objc; path = AppDelegate.m; sourceTree = "<group>"; };
		0B3AC1D118AEF54F00346870 /* Base */ = {isa = PBXFileReference; lastKnownFileType = file.storyboard; name = Base; path = Base.lproj/Main.storyboard; sourceTree = "<group>"; };
		0B3AC1D918AEF54F00346870 /* Images.xcassets */ = {isa = PBXFileReference; lastKnownFileType = folder.assetcatalog; path = Images.xcassets; sourceTree = "<group>"; };
		0B3AC1DF18AEF54F00346870 /* edugamesTests.xctest */ = {isa = PBXFileReference; explicitFileType = wrapper.cfbundle; includeInIndex = 0; path = edugamesTests.xctest; sourceTree = BUILT_PRODUCTS_DIR; };
		0B3AC1E018AEF54F00346870 /* XCTest.framework */ = {isa = PBXFileReference; lastKnownFileType = wrapper.framework; name = XCTest.framework; path = Library/Frameworks/XCTest.framework; sourceTree = DEVELOPER_DIR; };
		0B3AC1E818AEF54F00346870 /* edugamesTests-Info.plist */ = {isa = PBXFileReference; lastKnownFileType = text.plist.xml; path = "edugamesTests-Info.plist"; sourceTree = "<group>"; };
		0B3AC1EA18AEF54F00346870 /* en */ = {isa = PBXFileReference; lastKnownFileType = text.plist.strings; name = en; path = en.lproj/InfoPlist.strings; sourceTree = "<group>"; };
		0B3AC1EC18AEF54F00346870 /* edugamesTests.m */ = {isa = PBXFileReference; lastKnownFileType = sourcecode.c.objc; path = edugamesTests.m; sourceTree = "<group>"; };
		0BF1055C18AF10C5008CADA4 /* LoginViewController.h */ = {isa = PBXFileReference; fileEncoding = 4; lastKnownFileType = sourcecode.c.h; path = LoginViewController.h; sourceTree = "<group>"; };
		0BF1055D18AF10C5008CADA4 /* LoginViewController.m */ = {isa = PBXFileReference; fileEncoding = 4; lastKnownFileType = sourcecode.c.objc; path = LoginViewController.m; sourceTree = "<group>"; };
		0BF1056018AF10D1008CADA4 /* login-bg.png */ = {isa = PBXFileReference; lastKnownFileType = image.png; path = "login-bg.png"; sourceTree = "<group>"; };
		0BF1056218AF1854008CADA4 /* CKSideBarController.h */ = {isa = PBXFileReference; fileEncoding = 4; lastKnownFileType = sourcecode.c.h; path = CKSideBarController.h; sourceTree = "<group>"; };
		0BF1056318AF1854008CADA4 /* CKSideBarController.m */ = {isa = PBXFileReference; fileEncoding = 4; lastKnownFileType = sourcecode.c.objc; path = CKSideBarController.m; sourceTree = "<group>"; };
		0BF1056E18AF1883008CADA4 /* CKSideBarItem.h */ = {isa = PBXFileReference; fileEncoding = 4; lastKnownFileType = sourcecode.c.h; path = CKSideBarItem.h; sourceTree = "<group>"; };
		0BF1056F18AF1883008CADA4 /* CKSideBarItem.m */ = {isa = PBXFileReference; fileEncoding = 4; lastKnownFileType = sourcecode.c.objc; path = CKSideBarItem.m; sourceTree = "<group>"; };
		0BF1057818AF1BC5008CADA4 /* CKTestViewController.m */ = {isa = PBXFileReference; fileEncoding = 4; lastKnownFileType = sourcecode.c.objc; path = CKTestViewController.m; sourceTree = "<group>"; };
		0BF1057918AF1BC5008CADA4 /* CKTestViewController.h */ = {isa = PBXFileReference; fileEncoding = 4; lastKnownFileType = sourcecode.c.h; path = CKTestViewController.h; sourceTree = "<group>"; };
		0BF1057C18AF1F8A008CADA4 /* folder-highlighted.png */ = {isa = PBXFileReference; lastKnownFileType = image.png; path = "folder-highlighted.png"; sourceTree = "<group>"; };
		0BF1057D18AF1F8A008CADA4 /* folder.png */ = {isa = PBXFileReference; lastKnownFileType = image.png; path = folder.png; sourceTree = "<group>"; };
		0BF1057E18AF1F8A008CADA4 /* game-highlighted.png */ = {isa = PBXFileReference; lastKnownFileType = image.png; path = "game-highlighted.png"; sourceTree = "<group>"; };
		0BF1057F18AF1F8A008CADA4 /* game.png */ = {isa = PBXFileReference; lastKnownFileType = image.png; path = game.png; sourceTree = "<group>"; };
		0BF1058018AF1F8A008CADA4 /* profile-highlighted.png */ = {isa = PBXFileReference; lastKnownFileType = image.png; path = "profile-highlighted.png"; sourceTree = "<group>"; };
		0BF1058118AF1F8A008CADA4 /* profile.png */ = {isa = PBXFileReference; lastKnownFileType = image.png; path = profile.png; sourceTree = "<group>"; };
		0BF1058218AF1F8A008CADA4 /* search-highlighted.png */ = {isa = PBXFileReference; lastKnownFileType = image.png; path = "search-highlighted.png"; sourceTree = "<group>"; };
		0BF1058418AF1F8A008CADA4 /* settings-highlighted.png */ = {isa = PBXFileReference; lastKnownFileType = image.png; path = "settings-highlighted.png"; sourceTree = "<group>"; };
		0BF1058518AF1F8A008CADA4 /* settings.png */ = {isa = PBXFileReference; lastKnownFileType = image.png; path = settings.png; sourceTree = "<group>"; };
		0BF1059018AF1F92008CADA4 /* login-bg.png */ = {isa = PBXFileReference; lastKnownFileType = image.png; path = "login-bg.png"; sourceTree = "<group>"; };
		0BF1059118AF1F92008CADA4 /* login-button.png */ = {isa = PBXFileReference; lastKnownFileType = image.png; path = "login-button.png"; sourceTree = "<group>"; };
		0BF1059218AF1F92008CADA4 /* register-button.png */ = {isa = PBXFileReference; lastKnownFileType = image.png; path = "register-button.png"; sourceTree = "<group>"; };
/* End PBXFileReference section */

/* Begin PBXFrameworksBuildPhase section */
		0B3AC1B818AEF54F00346870 /* Frameworks */ = {
			isa = PBXFrameworksBuildPhase;
			buildActionMask = 2147483647;
			files = (
				0B3AC1C118AEF54F00346870 /* CoreGraphics.framework in Frameworks */,
				0B3AC1C318AEF54F00346870 /* UIKit.framework in Frameworks */,
				0B3AC1BF18AEF54F00346870 /* Foundation.framework in Frameworks */,
			);
			runOnlyForDeploymentPostprocessing = 0;
		};
		0B3AC1DC18AEF54F00346870 /* Frameworks */ = {
			isa = PBXFrameworksBuildPhase;
			buildActionMask = 2147483647;
			files = (
				0B3AC1E118AEF54F00346870 /* XCTest.framework in Frameworks */,
				0B3AC1E318AEF54F00346870 /* UIKit.framework in Frameworks */,
				0B3AC1E218AEF54F00346870 /* Foundation.framework in Frameworks */,
			);
			runOnlyForDeploymentPostprocessing = 0;
		};
/* End PBXFrameworksBuildPhase section */

/* Begin PBXGroup section */
		0B3AC1B218AEF54F00346870 = {
			isa = PBXGroup;
			children = (
				0B3AC1C418AEF54F00346870 /* edugames */,
				0B3AC1E618AEF54F00346870 /* edugamesTests */,
				0B3AC1BD18AEF54F00346870 /* Frameworks */,
				0B3AC1BC18AEF54F00346870 /* Products */,
			);
			sourceTree = "<group>";
		};
		0B3AC1BC18AEF54F00346870 /* Products */ = {
			isa = PBXGroup;
			children = (
				0B3AC1BB18AEF54F00346870 /* edugames.app */,
				0B3AC1DF18AEF54F00346870 /* edugamesTests.xctest */,
			);
			name = Products;
			sourceTree = "<group>";
		};
		0B3AC1BD18AEF54F00346870 /* Frameworks */ = {
			isa = PBXGroup;
			children = (
				0B3AC1BE18AEF54F00346870 /* Foundation.framework */,
				0B3AC1C018AEF54F00346870 /* CoreGraphics.framework */,
				0B3AC1C218AEF54F00346870 /* UIKit.framework */,
				0B3AC1E018AEF54F00346870 /* XCTest.framework */,
			);
			name = Frameworks;
			sourceTree = "<group>";
		};
		0B3AC1C418AEF54F00346870 /* edugames */ = {
			isa = PBXGroup;
			children = (
				0B3AC1CD18AEF54F00346870 /* AppDelegate.h */,
				0B3AC1CE18AEF54F00346870 /* AppDelegate.m */,
				0B3AC1D018AEF54F00346870 /* Main.storyboard */,
				0BF1055C18AF10C5008CADA4 /* LoginViewController.h */,
				0BF1055D18AF10C5008CADA4 /* LoginViewController.m */,
				0BF1056218AF1854008CADA4 /* CKSideBarController.h */,
				0BF1056318AF1854008CADA4 /* CKSideBarController.m */,
				0B3AC1D918AEF54F00346870 /* Images.xcassets */,
				0BF1055F18AF10D1008CADA4 /* images */,
				0B3AC1C518AEF54F00346870 /* Supporting Files */,
			);
			path = edugames;
			sourceTree = "<group>";
		};
		0B3AC1C518AEF54F00346870 /* Supporting Files */ = {
			isa = PBXGroup;
			children = (
				0BF1056518AF1875008CADA4 /* Resources */,
				0B3AC1C618AEF54F00346870 /* edugames-Info.plist */,
				0B3AC1C718AEF54F00346870 /* InfoPlist.strings */,
				0B3AC1CA18AEF54F00346870 /* main.m */,
				0B3AC1CC18AEF54F00346870 /* edugames-Prefix.pch */,
			);
			name = "Supporting Files";
			sourceTree = "<group>";
		};
		0B3AC1E618AEF54F00346870 /* edugamesTests */ = {
			isa = PBXGroup;
			children = (
				0B3AC1EC18AEF54F00346870 /* edugamesTests.m */,
				0B3AC1E718AEF54F00346870 /* Supporting Files */,
			);
			path = edugamesTests;
			sourceTree = "<group>";
		};
		0B3AC1E718AEF54F00346870 /* Supporting Files */ = {
			isa = PBXGroup;
			children = (
				0B3AC1E818AEF54F00346870 /* edugamesTests-Info.plist */,
				0B3AC1E918AEF54F00346870 /* InfoPlist.strings */,
			);
			name = "Supporting Files";
			sourceTree = "<group>";
		};
		0BF1055F18AF10D1008CADA4 /* images */ = {
			isa = PBXGroup;
			children = (
				0BF1057B18AF1F8A008CADA4 /* navbar */,
				0BF1056018AF10D1008CADA4 /* login-bg.png */,
			);
			path = images;
			sourceTree = "<group>";
		};
		0BF1056518AF1875008CADA4 /* Resources */ = {
			isa = PBXGroup;
			children = (
				0BF1057818AF1BC5008CADA4 /* CKTestViewController.m */,
				0BF1057918AF1BC5008CADA4 /* CKTestViewController.h */,
				0BF1056E18AF1883008CADA4 /* CKSideBarItem.h */,
				0BF1056F18AF1883008CADA4 /* CKSideBarItem.m */,
			);
			name = Resources;
			sourceTree = "<group>";
		};
		0BF1057B18AF1F8A008CADA4 /* navbar */ = {
			isa = PBXGroup;
			children = (
				0BF1059018AF1F92008CADA4 /* login-bg.png */,
				0BF1059118AF1F92008CADA4 /* login-button.png */,
				0BF1059218AF1F92008CADA4 /* register-button.png */,
				0BF1057C18AF1F8A008CADA4 /* folder-highlighted.png */,
				0BF1057D18AF1F8A008CADA4 /* folder.png */,
				0BF1057E18AF1F8A008CADA4 /* game-highlighted.png */,
				0BF1057F18AF1F8A008CADA4 /* game.png */,
				0BF1058018AF1F8A008CADA4 /* profile-highlighted.png */,
				0BF1058118AF1F8A008CADA4 /* profile.png */,
				0BF1058218AF1F8A008CADA4 /* search-highlighted.png */,
				0BF1058418AF1F8A008CADA4 /* settings-highlighted.png */,
				0BF1058518AF1F8A008CADA4 /* settings.png */,
			);
			path = navbar;
			sourceTree = "<group>";
		};
/* End PBXGroup section */

/* Begin PBXNativeTarget section */
		0B3AC1BA18AEF54F00346870 /* edugames */ = {
			isa = PBXNativeTarget;
			buildConfigurationList = 0B3AC1F018AEF54F00346870 /* Build configuration list for PBXNativeTarget "edugames" */;
			buildPhases = (
				0B3AC1B718AEF54F00346870 /* Sources */,
				0B3AC1B818AEF54F00346870 /* Frameworks */,
				0B3AC1B918AEF54F00346870 /* Resources */,
			);
			buildRules = (
			);
			dependencies = (
			);
			name = edugames;
			productName = edugames;
			productReference = 0B3AC1BB18AEF54F00346870 /* edugames.app */;
			productType = "com.apple.product-type.application";
		};
		0B3AC1DE18AEF54F00346870 /* edugamesTests */ = {
			isa = PBXNativeTarget;
			buildConfigurationList = 0B3AC1F318AEF54F00346870 /* Build configuration list for PBXNativeTarget "edugamesTests" */;
			buildPhases = (
				0B3AC1DB18AEF54F00346870 /* Sources */,
				0B3AC1DC18AEF54F00346870 /* Frameworks */,
				0B3AC1DD18AEF54F00346870 /* Resources */,
			);
			buildRules = (
			);
			dependencies = (
				0B3AC1E518AEF54F00346870 /* PBXTargetDependency */,
			);
			name = edugamesTests;
			productName = edugamesTests;
			productReference = 0B3AC1DF18AEF54F00346870 /* edugamesTests.xctest */;
			productType = "com.apple.product-type.bundle.unit-test";
		};
/* End PBXNativeTarget section */

/* Begin PBXProject section */
		0B3AC1B318AEF54F00346870 /* Project object */ = {
			isa = PBXProject;
			attributes = {
				LastUpgradeCheck = 0500;
				ORGANIZATIONNAME = "Angela Zhang, Lucy Guo, Ivan Wang, Gregory Rose";
				TargetAttributes = {
					0B3AC1BA18AEF54F00346870 = {
						DevelopmentTeam = 3FUZN6JJ2G;
					};
					0B3AC1DE18AEF54F00346870 = {
						TestTargetID = 0B3AC1BA18AEF54F00346870;
					};
				};
			};
			buildConfigurationList = 0B3AC1B618AEF54F00346870 /* Build configuration list for PBXProject "edugames" */;
			compatibilityVersion = "Xcode 3.2";
			developmentRegion = English;
			hasScannedForEncodings = 0;
			knownRegions = (
				en,
				Base,
			);
			mainGroup = 0B3AC1B218AEF54F00346870;
			productRefGroup = 0B3AC1BC18AEF54F00346870 /* Products */;
			projectDirPath = "";
			projectRoot = "";
			targets = (
				0B3AC1BA18AEF54F00346870 /* edugames */,
				0B3AC1DE18AEF54F00346870 /* edugamesTests */,
			);
		};
/* End PBXProject section */

/* Begin PBXResourcesBuildPhase section */
		0B3AC1B918AEF54F00346870 /* Resources */ = {
			isa = PBXResourcesBuildPhase;
			buildActionMask = 2147483647;
			files = (
				0BF1058A18AF1F8A008CADA4 /* profile-highlighted.png in Resources */,
				0BF1058618AF1F8A008CADA4 /* folder-highlighted.png in Resources */,
				0B3AC1DA18AEF54F00346870 /* Images.xcassets in Resources */,
				0BF1058B18AF1F8A008CADA4 /* profile.png in Resources */,
				0BF1058818AF1F8A008CADA4 /* game-highlighted.png in Resources */,
				0BF1059418AF1F92008CADA4 /* login-button.png in Resources */,
				0B3AC1C918AEF54F00346870 /* InfoPlist.strings in Resources */,
				0BF1056118AF10D1008CADA4 /* login-bg.png in Resources */,
				0BF1058F18AF1F8A008CADA4 /* settings.png in Resources */,
				0BF1058918AF1F8A008CADA4 /* game.png in Resources */,
				0BF1058C18AF1F8A008CADA4 /* search-highlighted.png in Resources */,
				0BF1059518AF1F92008CADA4 /* register-button.png in Resources */,
				0BF1059318AF1F92008CADA4 /* login-bg.png in Resources */,
				0BF1058E18AF1F8A008CADA4 /* settings-highlighted.png in Resources */,
				0B3AC1D218AEF54F00346870 /* Main.storyboard in Resources */,
				0BF1058718AF1F8A008CADA4 /* folder.png in Resources */,
			);
			runOnlyForDeploymentPostprocessing = 0;
		};
		0B3AC1DD18AEF54F00346870 /* Resources */ = {
			isa = PBXResourcesBuildPhase;
			buildActionMask = 2147483647;
			files = (
				0B3AC1EB18AEF54F00346870 /* InfoPlist.strings in Resources */,
			);
			runOnlyForDeploymentPostprocessing = 0;
		};
/* End PBXResourcesBuildPhase section */

/* Begin PBXSourcesBuildPhase section */
		0B3AC1B718AEF54F00346870 /* Sources */ = {
			isa = PBXSourcesBuildPhase;
			buildActionMask = 2147483647;
			files = (
				0BF1057718AF1883008CADA4 /* CKSideBarItem.m in Sources */,
				0B3AC1CF18AEF54F00346870 /* AppDelegate.m in Sources */,
				0B3AC1CB18AEF54F00346870 /* main.m in Sources */,
				0BF1056418AF1854008CADA4 /* CKSideBarController.m in Sources */,
				0BF1057A18AF1BC5008CADA4 /* CKTestViewController.m in Sources */,
				0BF1055E18AF10C5008CADA4 /* LoginViewController.m in Sources */,
			);
			runOnlyForDeploymentPostprocessing = 0;
		};
		0B3AC1DB18AEF54F00346870 /* Sources */ = {
			isa = PBXSourcesBuildPhase;
			buildActionMask = 2147483647;
			files = (
				0B3AC1ED18AEF54F00346870 /* edugamesTests.m in Sources */,
			);
			runOnlyForDeploymentPostprocessing = 0;
		};
/* End PBXSourcesBuildPhase section */

/* Begin PBXTargetDependency section */
		0B3AC1E518AEF54F00346870 /* PBXTargetDependency */ = {
			isa = PBXTargetDependency;
			target = 0B3AC1BA18AEF54F00346870 /* edugames */;
			targetProxy = 0B3AC1E418AEF54F00346870 /* PBXContainerItemProxy */;
		};
/* End PBXTargetDependency section */

/* Begin PBXVariantGroup section */
		0B3AC1C718AEF54F00346870 /* InfoPlist.strings */ = {
			isa = PBXVariantGroup;
			children = (
				0B3AC1C818AEF54F00346870 /* en */,
			);
			name = InfoPlist.strings;
			sourceTree = "<group>";
		};
		0B3AC1D018AEF54F00346870 /* Main.storyboard */ = {
			isa = PBXVariantGroup;
			children = (
				0B3AC1D118AEF54F00346870 /* Base */,
			);
			name = Main.storyboard;
			sourceTree = "<group>";
		};
		0B3AC1E918AEF54F00346870 /* InfoPlist.strings */ = {
			isa = PBXVariantGroup;
			children = (
				0B3AC1EA18AEF54F00346870 /* en */,
			);
			name = InfoPlist.strings;
			sourceTree = "<group>";
		};
/* End PBXVariantGroup section */

/* Begin XCBuildConfiguration section */
		0B3AC1EE18AEF54F00346870 /* Debug */ = {
			isa = XCBuildConfiguration;
			buildSettings = {
				ALWAYS_SEARCH_USER_PATHS = NO;
				ARCHS = "$(ARCHS_STANDARD_INCLUDING_64_BIT)";
				CLANG_CXX_LANGUAGE_STANDARD = "gnu++0x";
				CLANG_CXX_LIBRARY = "libc++";
				CLANG_ENABLE_MODULES = YES;
				CLANG_ENABLE_OBJC_ARC = YES;
				CLANG_WARN_BOOL_CONVERSION = YES;
				CLANG_WARN_CONSTANT_CONVERSION = YES;
				CLANG_WARN_DIRECT_OBJC_ISA_USAGE = YES_ERROR;
				CLANG_WARN_EMPTY_BODY = YES;
				CLANG_WARN_ENUM_CONVERSION = YES;
				CLANG_WARN_INT_CONVERSION = YES;
				CLANG_WARN_OBJC_ROOT_CLASS = YES_ERROR;
				CLANG_WARN__DUPLICATE_METHOD_MATCH = YES;
				"CODE_SIGN_IDENTITY[sdk=iphoneos*]" = "iPhone Developer";
				COPY_PHASE_STRIP = NO;
				GCC_C_LANGUAGE_STANDARD = gnu99;
				GCC_DYNAMIC_NO_PIC = NO;
				GCC_OPTIMIZATION_LEVEL = 0;
				GCC_PREPROCESSOR_DEFINITIONS = (
					"DEBUG=1",
					"$(inherited)",
				);
				GCC_SYMBOLS_PRIVATE_EXTERN = NO;
				GCC_WARN_64_TO_32_BIT_CONVERSION = YES;
				GCC_WARN_ABOUT_RETURN_TYPE = YES_ERROR;
				GCC_WARN_UNDECLARED_SELECTOR = YES;
				GCC_WARN_UNINITIALIZED_AUTOS = YES;
				GCC_WARN_UNUSED_FUNCTION = YES;
				GCC_WARN_UNUSED_VARIABLE = YES;
				IPHONEOS_DEPLOYMENT_TARGET = 7.0;
				ONLY_ACTIVE_ARCH = YES;
				SDKROOT = iphoneos;
				TARGETED_DEVICE_FAMILY = 2;
			};
			name = Debug;
		};
		0B3AC1EF18AEF54F00346870 /* Release */ = {
			isa = XCBuildConfiguration;
			buildSettings = {
				ALWAYS_SEARCH_USER_PATHS = NO;
				ARCHS = "$(ARCHS_STANDARD_INCLUDING_64_BIT)";
				CLANG_CXX_LANGUAGE_STANDARD = "gnu++0x";
				CLANG_CXX_LIBRARY = "libc++";
				CLANG_ENABLE_MODULES = YES;
				CLANG_ENABLE_OBJC_ARC = YES;
				CLANG_WARN_BOOL_CONVERSION = YES;
				CLANG_WARN_CONSTANT_CONVERSION = YES;
				CLANG_WARN_DIRECT_OBJC_ISA_USAGE = YES_ERROR;
				CLANG_WARN_EMPTY_BODY = YES;
				CLANG_WARN_ENUM_CONVERSION = YES;
				CLANG_WARN_INT_CONVERSION = YES;
				CLANG_WARN_OBJC_ROOT_CLASS = YES_ERROR;
				CLANG_WARN__DUPLICATE_METHOD_MATCH = YES;
				"CODE_SIGN_IDENTITY[sdk=iphoneos*]" = "iPhone Developer";
				COPY_PHASE_STRIP = YES;
				ENABLE_NS_ASSERTIONS = NO;
				GCC_C_LANGUAGE_STANDARD = gnu99;
				GCC_WARN_64_TO_32_BIT_CONVERSION = YES;
				GCC_WARN_ABOUT_RETURN_TYPE = YES_ERROR;
				GCC_WARN_UNDECLARED_SELECTOR = YES;
				GCC_WARN_UNINITIALIZED_AUTOS = YES;
				GCC_WARN_UNUSED_FUNCTION = YES;
				GCC_WARN_UNUSED_VARIABLE = YES;
				IPHONEOS_DEPLOYMENT_TARGET = 7.0;
				SDKROOT = iphoneos;
				TARGETED_DEVICE_FAMILY = 2;
				VALIDATE_PRODUCT = YES;
			};
			name = Release;
		};
		0B3AC1F118AEF54F00346870 /* Debug */ = {
			isa = XCBuildConfiguration;
			buildSettings = {
				ASSETCATALOG_COMPILER_APPICON_NAME = AppIcon;
				ASSETCATALOG_COMPILER_LAUNCHIMAGE_NAME = LaunchImage;
				CODE_SIGN_IDENTITY = "iPhone Developer";
				"CODE_SIGN_IDENTITY[sdk=iphoneos*]" = "iPhone Developer";
				GCC_PRECOMPILE_PREFIX_HEADER = YES;
				GCC_PREFIX_HEADER = "edugames/edugames-Prefix.pch";
				INFOPLIST_FILE = "edugames/edugames-Info.plist";
				PRODUCT_NAME = "$(TARGET_NAME)";
				PROVISIONING_PROFILE = "";
				WRAPPER_EXTENSION = app;
			};
			name = Debug;
		};
		0B3AC1F218AEF54F00346870 /* Release */ = {
			isa = XCBuildConfiguration;
			buildSettings = {
				ASSETCATALOG_COMPILER_APPICON_NAME = AppIcon;
				ASSETCATALOG_COMPILER_LAUNCHIMAGE_NAME = LaunchImage;
				CODE_SIGN_IDENTITY = "iPhone Developer";
				"CODE_SIGN_IDENTITY[sdk=iphoneos*]" = "iPhone Developer";
				GCC_PRECOMPILE_PREFIX_HEADER = YES;
				GCC_PREFIX_HEADER = "edugames/edugames-Prefix.pch";
				INFOPLIST_FILE = "edugames/edugames-Info.plist";
				PRODUCT_NAME = "$(TARGET_NAME)";
				PROVISIONING_PROFILE = "";
				WRAPPER_EXTENSION = app;
			};
			name = Release;
		};
		0B3AC1F418AEF54F00346870 /* Debug */ = {
			isa = XCBuildConfiguration;
			buildSettings = {
				ARCHS = "$(ARCHS_STANDARD_INCLUDING_64_BIT)";
				BUNDLE_LOADER = "$(BUILT_PRODUCTS_DIR)/edugames.app/edugames";
				FRAMEWORK_SEARCH_PATHS = (
					"$(SDKROOT)/Developer/Library/Frameworks",
					"$(inherited)",
					"$(DEVELOPER_FRAMEWORKS_DIR)",
				);
				GCC_PRECOMPILE_PREFIX_HEADER = YES;
				GCC_PREFIX_HEADER = "edugames/edugames-Prefix.pch";
				GCC_PREPROCESSOR_DEFINITIONS = (
					"DEBUG=1",
					"$(inherited)",
				);
				INFOPLIST_FILE = "edugamesTests/edugamesTests-Info.plist";
				PRODUCT_NAME = "$(TARGET_NAME)";
				TEST_HOST = "$(BUNDLE_LOADER)";
				WRAPPER_EXTENSION = xctest;
			};
			name = Debug;
		};
		0B3AC1F518AEF54F00346870 /* Release */ = {
			isa = XCBuildConfiguration;
			buildSettings = {
				ARCHS = "$(ARCHS_STANDARD_INCLUDING_64_BIT)";
				BUNDLE_LOADER = "$(BUILT_PRODUCTS_DIR)/edugames.app/edugames";
				FRAMEWORK_SEARCH_PATHS = (
					"$(SDKROOT)/Developer/Library/Frameworks",
					"$(inherited)",
					"$(DEVELOPER_FRAMEWORKS_DIR)",
				);
				GCC_PRECOMPILE_PREFIX_HEADER = YES;
				GCC_PREFIX_HEADER = "edugames/edugames-Prefix.pch";
				INFOPLIST_FILE = "edugamesTests/edugamesTests-Info.plist";
				PRODUCT_NAME = "$(TARGET_NAME)";
				TEST_HOST = "$(BUNDLE_LOADER)";
				WRAPPER_EXTENSION = xctest;
			};
			name = Release;
		};
/* End XCBuildConfiguration section */

/* Begin XCConfigurationList section */
		0B3AC1B618AEF54F00346870 /* Build configuration list for PBXProject "edugames" */ = {
			isa = XCConfigurationList;
			buildConfigurations = (
				0B3AC1EE18AEF54F00346870 /* Debug */,
				0B3AC1EF18AEF54F00346870 /* Release */,
			);
			defaultConfigurationIsVisible = 0;
			defaultConfigurationName = Release;
		};
		0B3AC1F018AEF54F00346870 /* Build configuration list for PBXNativeTarget "edugames" */ = {
			isa = XCConfigurationList;
			buildConfigurations = (
				0B3AC1F118AEF54F00346870 /* Debug */,
				0B3AC1F218AEF54F00346870 /* Release */,
			);
			defaultConfigurationIsVisible = 0;
			defaultConfigurationName = Release;
		};
		0B3AC1F318AEF54F00346870 /* Build configuration list for PBXNativeTarget "edugamesTests" */ = {
			isa = XCConfigurationList;
			buildConfigurations = (
				0B3AC1F418AEF54F00346870 /* Debug */,
				0B3AC1F518AEF54F00346870 /* Release */,
			);
			defaultConfigurationIsVisible = 0;
			defaultConfigurationName = Release;
		};
/* End XCConfigurationList section */
	};
	rootObject = 0B3AC1B318AEF54F00346870 /* Project object */;
}
